// !$*UTF8*$!
{
	archiveVersion = 1;
	classes = {
	};
	objectVersion = 77;
	objects = {

/* Begin PBXBuildFile section */
		01064A5917B41B6F940F689D /* JobFormView.swift in Sources */ = {isa = PBXBuildFile; fileRef = D4CA920EA5AD477D6CB54962 /* JobFormView.swift */; };
		0435F06BC19AB8E8FC851F27 /* ObserveJobUseCase.swift in Sources */ = {isa = PBXBuildFile; fileRef = 1562750319B2545A1AF4CE48 /* ObserveJobUseCase.swift */; };
		052A82FCB6D4820E05C09061 /* ReferralStatus+UI.swift in Sources */ = {isa = PBXBuildFile; fileRef = BC668DE1DF4421F72D293A2E /* ReferralStatus+UI.swift */; };
		095E11BE0E133D56D9C0F0E2 /* AnalyticsView.swift in Sources */ = {isa = PBXBuildFile; fileRef = FE8748B1951882A4B57935F9 /* AnalyticsView.swift */; };
		0A4C9FC93D58C68FDBB2166B /* ObserveReferralsUseCase.swift in Sources */ = {isa = PBXBuildFile; fileRef = AD661703A4539C0A0D8FCF25 /* ObserveReferralsUseCase.swift */; };
		1010AA1C0C0D4909F0DBBAAA /* LoadState.swift in Sources */ = {isa = PBXBuildFile; fileRef = 1C96F89CD6707BEF269C9FD3 /* LoadState.swift */; };
		10D86C073F43B6BB856C6AF7 /* JobFormViewModel.swift in Sources */ = {isa = PBXBuildFile; fileRef = 210FEA43A765C1A74E70F056 /* JobFormViewModel.swift */; };
		1484286AC7F52BBE45ED7C3D /* Assets.xcassets in Resources */ = {isa = PBXBuildFile; fileRef = EE4AD43A206CA47031CE82BC /* Assets.xcassets */; };
		175C70A7D2F62E9A67D27E9E /* PreviewData.swift in Sources */ = {isa = PBXBuildFile; fileRef = 1F830DC7335858680802B3A4 /* PreviewData.swift */; };
		1943212B9D9C584994F84655 /* ReferralRepository.swift in Sources */ = {isa = PBXBuildFile; fileRef = 97C78C830DD9AEA80F519979 /* ReferralRepository.swift */; };
		1A810BDC7B1533AD56ABE19D /* RootView.swift in Sources */ = {isa = PBXBuildFile; fileRef = 5F7D1EF96585DF833364C3F2 /* RootView.swift */; };
		1B85D3E8B60D6FE73F960C2A /* DomainError.swift in Sources */ = {isa = PBXBuildFile; fileRef = 2B0512802363888A9EBBD657 /* DomainError.swift */; };
		20F0F68C191660427EE51DF8 /* JobDetailView.swift in Sources */ = {isa = PBXBuildFile; fileRef = 8CBE7934A47D54EDCD2F1838 /* JobDetailView.swift */; };
		244A81AA17956DD9B8FE2B74 /* JobEntity.swift in Sources */ = {isa = PBXBuildFile; fileRef = 6C1BA512D509B100589839B8 /* JobEntity.swift */; };
		248A43D2A1F1FBED1EB79C5B /* Dependencies.swift in Sources */ = {isa = PBXBuildFile; fileRef = 444E6EC0C3718515287BE03C /* Dependencies.swift */; };
		26788D7FA41BD173D6804E61 /* ReferralDetailViewModel.swift in Sources */ = {isa = PBXBuildFile; fileRef = 7DE8E1D0513625C750EFD8D5 /* ReferralDetailViewModel.swift */; };
		3084C6B566598CCFC5066063 /* Referral.swift in Sources */ = {isa = PBXBuildFile; fileRef = 0565CE072C686C5BB56AEC8B /* Referral.swift */; };
		37D05CF46EF955E0BC22F9FC /* ReferralFormViewModel.swift in Sources */ = {isa = PBXBuildFile; fileRef = 582CC8F3E0F08BF48080213A /* ReferralFormViewModel.swift */; };
		3AE0CFAAC041450B074D3405 /* ObserveReferralUseCase.swift in Sources */ = {isa = PBXBuildFile; fileRef = DB20EB62A0DD532F70B916B1 /* ObserveReferralUseCase.swift */; };
		3B3A9CE6F125961B77E9F994 /* StatusBreakdownBar.swift in Sources */ = {isa = PBXBuildFile; fileRef = A454B47EABC8EB3F503F0DBC /* StatusBreakdownBar.swift */; };
		3F1641C19070B6A030E629D4 /* AppRoute.swift in Sources */ = {isa = PBXBuildFile; fileRef = 671CB4B0A890CDEB67324656 /* AppRoute.swift */; };
		42ACFDFD12EE3DD693163EF7 /* ValidationIssue+Message.swift in Sources */ = {isa = PBXBuildFile; fileRef = FC99C0985138513492E25243 /* ValidationIssue+Message.swift */; };
		44D9EB35BD9F1EDF4E907CE7 /* Error+UserMessage.swift in Sources */ = {isa = PBXBuildFile; fileRef = 7FB196B4937E05FDDABA41C9 /* Error+UserMessage.swift */; };
		472541FF178C8ECC8931C5C8 /* JobValidatorTests.swift in Sources */ = {isa = PBXBuildFile; fileRef = 8768F44A8BD3D5F1CAEAA054 /* JobValidatorTests.swift */; };
		492F61955A13DAB3B7922D15 /* JobReferralTracker.xcdatamodeld in Sources */ = {isa = PBXBuildFile; fileRef = A45206EC872CF37622A0194C /* JobReferralTracker.xcdatamodeld */; };
		495D5745446894EF1672016E /* ReferralAnalytics.swift in Sources */ = {isa = PBXBuildFile; fileRef = AFBD25A05F2E730D7F4A8449 /* ReferralAnalytics.swift */; };
		49912F6CD5C2EF5BEBDCCD97 /* DeleteReferralUseCase.swift in Sources */ = {isa = PBXBuildFile; fileRef = D5334910DBC22D680FCABFC4 /* DeleteReferralUseCase.swift */; };
		526C92CF60EFBBA701DA7756 /* JobUseCaseTests.swift in Sources */ = {isa = PBXBuildFile; fileRef = 7C9A7F799C01E77D01BFB648 /* JobUseCaseTests.swift */; };
		56E3E85073B1330360F7F6C5 /* ReferralRow.swift in Sources */ = {isa = PBXBuildFile; fileRef = 6063679D91A43DC9CF47B197 /* ReferralRow.swift */; };
		592A3B5489FD0B0EBBEA0293 /* ReferralEntity.swift in Sources */ = {isa = PBXBuildFile; fileRef = 1233FEAD792061E6A42C8E9F /* ReferralEntity.swift */; };
		63359F8383A4CB1D6F2D4271 /* JobBreakdownRow.swift in Sources */ = {isa = PBXBuildFile; fileRef = 2F272958BC046834E3D2AA99 /* JobBreakdownRow.swift */; };
		63933758EA74F08F8E025CB5 /* LiveQuery.swift in Sources */ = {isa = PBXBuildFile; fileRef = ED8764E28263E84864C74955 /* LiveQuery.swift */; };
		63A6D43E133B8C8CF791BAFF /* ReferralFilter.swift in Sources */ = {isa = PBXBuildFile; fileRef = 9C1261E5660B33BBE8A75221 /* ReferralFilter.swift */; };
		63C5727D9C1427254C1E67B5 /* CreateJobUseCase.swift in Sources */ = {isa = PBXBuildFile; fileRef = B1ECB783DF9A904BCCB4AE0C /* CreateJobUseCase.swift */; };
		63D15ADAC8BB82A05F20677E /* ReferralValidator+Repository.swift in Sources */ = {isa = PBXBuildFile; fileRef = A8D4CCF172762B70509D15B5 /* ReferralValidator+Repository.swift */; };
		68D8B8D62BD4F44971B462E2 /* AppContainer.swift in Sources */ = {isa = PBXBuildFile; fileRef = DE37710856ED2D9D346F63F9 /* AppContainer.swift */; };
		6C43C7C750E714157ED07B96 /* ReferralDraft.swift in Sources */ = {isa = PBXBuildFile; fileRef = 8E74BFD6A88DD3830E74937F /* ReferralDraft.swift */; };
		6C4F54CE1BF3E979D3D40EB4 /* FormTextField.swift in Sources */ = {isa = PBXBuildFile; fileRef = B679E9CE51A9A72E0A79CC59 /* FormTextField.swift */; };
		78A6F92DA685E9C6B51CFF2F /* CoreDataStack.swift in Sources */ = {isa = PBXBuildFile; fileRef = A2FE4086E30356B965EB83A6 /* CoreDataStack.swift */; };
		7B5E9FD12D3DA5F877A1C09B /* StatusChart.swift in Sources */ = {isa = PBXBuildFile; fileRef = 469D12EE6FEC495EDE236EB1 /* StatusChart.swift */; };
		7B6FEE2AEB44747E7795A198 /* AnalyticsViewModel.swift in Sources */ = {isa = PBXBuildFile; fileRef = E5267301EEE25E4B5D15561C /* AnalyticsViewModel.swift */; };
		7E216D166028EC6393675289 /* ValidationResult.swift in Sources */ = {isa = PBXBuildFile; fileRef = DFD7C9F3791439DCA54816D7 /* ValidationResult.swift */; };
		85B243ADC387E28C4CE976C4 /* JobListViewModel.swift in Sources */ = {isa = PBXBuildFile; fileRef = 1988EFC2757B3818E06699F4 /* JobListViewModel.swift */; };
		897F0B44966706B690882BF6 /* JobListView.swift in Sources */ = {isa = PBXBuildFile; fileRef = 3BFA18D06C951C94901A0DB2 /* JobListView.swift */; };
		92E55DFB451721CB7602698A /* Router.swift in Sources */ = {isa = PBXBuildFile; fileRef = BA5C63FE4DB049F3EF90A7CB /* Router.swift */; };
		981618FB919B13863873B6F2 /* View+Alerts.swift in Sources */ = {isa = PBXBuildFile; fileRef = 7359A23D82737745F66E7DCF /* View+Alerts.swift */; };
		A34DD000764BE7DCF3A628D3 /* JobSummary.swift in Sources */ = {isa = PBXBuildFile; fileRef = 86F185239D82A2C7FCBAA9BB /* JobSummary.swift */; };
		A401F81C8307B9B2D8E3E9D6 /* ReferralStatus.swift in Sources */ = {isa = PBXBuildFile; fileRef = 10AE04E188A181255F9914CD /* ReferralStatus.swift */; };
		A4356756EC5FF297981C5907 /* DataChangeObserving.swift in Sources */ = {isa = PBXBuildFile; fileRef = 5E9CD5403720107416F72380 /* DataChangeObserving.swift */; };
		A6711DDC49A1F57C80EF03A8 /* ReferralValidatorTests.swift in Sources */ = {isa = PBXBuildFile; fileRef = 806BDE3E25E28C009ADD9F12 /* ReferralValidatorTests.swift */; };
		A7460E1EDDBE7407B8DC3365 /* JobDraft.swift in Sources */ = {isa = PBXBuildFile; fileRef = 357AB0D12213C9E2C7C5CA51 /* JobDraft.swift */; };
		A762E2CBCD359152241B0BC3 /* JobReferralTrackerApp.swift in Sources */ = {isa = PBXBuildFile; fileRef = DB649E2CD802FA8886445F20 /* JobReferralTrackerApp.swift */; };
		A863E37116C6827E0710FCFD /* StatusCountGrid.swift in Sources */ = {isa = PBXBuildFile; fileRef = 672871D2A3C366A699CD8297 /* StatusCountGrid.swift */; };
		AD92650FD97B4CA7AB703AD4 /* ReferralListItem.swift in Sources */ = {isa = PBXBuildFile; fileRef = 8AC7950433D466A003C9E858 /* ReferralListItem.swift */; };
		ADD2B3328FA7D71D4D6F268B /* CoreDataJobRepository.swift in Sources */ = {isa = PBXBuildFile; fileRef = 53B76899B647030027F65295 /* CoreDataJobRepository.swift */; };
		B23B25DD79A6CE5AC8A61E01 /* UpdateJobUseCase.swift in Sources */ = {isa = PBXBuildFile; fileRef = 4BC5E10F22836D65253DD419 /* UpdateJobUseCase.swift */; };
		B613012A57FB67289ED0DE1B /* EmptyStateView.swift in Sources */ = {isa = PBXBuildFile; fileRef = CF491FD821BCCB275E8CCC5E /* EmptyStateView.swift */; };
		BCD2F77092E81B2E2FFE248C /* UpdateReferralUseCase.swift in Sources */ = {isa = PBXBuildFile; fileRef = D23EE6C7735894CCF255B09B /* UpdateReferralUseCase.swift */; };
		BD23176A65FECE0C38CD7BE9 /* CoreDataReferralRepository.swift in Sources */ = {isa = PBXBuildFile; fileRef = 0FC5A298491D077F0CCEA82A /* CoreDataReferralRepository.swift */; };
		BEB43808AE181DB58118A8CA /* AppBootstrapper.swift in Sources */ = {isa = PBXBuildFile; fileRef = 6A9E801596CD26220739D2F6 /* AppBootstrapper.swift */; };
		C05E47EEC6FD4EC4BA8F6930 /* JobSummaryCard.swift in Sources */ = {isa = PBXBuildFile; fileRef = 8B15AB7BE4C79B970757FE38 /* JobSummaryCard.swift */; };
		C18F1BC7A89BA01BFC80DE73 /* MainTabView.swift in Sources */ = {isa = PBXBuildFile; fileRef = 8913713BC49C3D857B0F3034 /* MainTabView.swift */; };
		C2CD885A166C387995399293 /* CoreDataChangeObserver.swift in Sources */ = {isa = PBXBuildFile; fileRef = 5D91DB9E1F19F6A32E496626 /* CoreDataChangeObserver.swift */; };
		C4B09D59DE53CA478B11FB2B /* AddReferralUseCase.swift in Sources */ = {isa = PBXBuildFile; fileRef = B8A6CC774F893268EC18A1EF /* AddReferralUseCase.swift */; };
		C52F0C61D349BC3C4C4E5C3C /* StatusBadge.swift in Sources */ = {isa = PBXBuildFile; fileRef = E734778FD73A3D7FB76DDCB3 /* StatusBadge.swift */; };
		C7C365BC67BDAC4E5988E9F1 /* JobEntity+Mapping.swift in Sources */ = {isa = PBXBuildFile; fileRef = F93C33B0CE879CEC0610CF80 /* JobEntity+Mapping.swift */; };
		C99B5CE0A2EAD43E1A74C0BD /* DataError.swift in Sources */ = {isa = PBXBuildFile; fileRef = E0D640D632BAD9DF1599DF5D /* DataError.swift */; };
		CBA86646E06D5AAD0975E56C /* DeleteJobUseCase.swift in Sources */ = {isa = PBXBuildFile; fileRef = 9FB7348CBC6179FF1447BE62 /* DeleteJobUseCase.swift */; };
		CBE9844BC8C3D3BD6E209264 /* InMemoryRepository.swift in Sources */ = {isa = PBXBuildFile; fileRef = 1C2D34F1B657FA5474E14564 /* InMemoryRepository.swift */; };
		D056132B987FE71443FA3C63 /* ViewModelFactory.swift in Sources */ = {isa = PBXBuildFile; fileRef = 8FABD58E82725E1A1767CE2C /* ViewModelFactory.swift */; };
		D74E8B5F1D05E3E69B333645 /* JobRepository.swift in Sources */ = {isa = PBXBuildFile; fileRef = 3AFD8DAB767868588E237770 /* JobRepository.swift */; };
		D86E3CE1795C20E2124DBF89 /* Preview Assets.xcassets in Resources */ = {isa = PBXBuildFile; fileRef = 4184A40BC2B3BED4291DCAA3 /* Preview Assets.xcassets */; };
		D9BA933B2DBCE036BD93B66A /* AppContainer+ViewModelFactory.swift in Sources */ = {isa = PBXBuildFile; fileRef = F36A61325025DDAAE190162C /* AppContainer+ViewModelFactory.swift */; };
		DC38567B509915D28117D75B /* ObserveJobSummariesUseCase.swift in Sources */ = {isa = PBXBuildFile; fileRef = 36873FB8E6837511D82BF982 /* ObserveJobSummariesUseCase.swift */; };
		DCDD0D4D4F033EC96C1E762D /* ReferralAnalyticsCalculator.swift in Sources */ = {isa = PBXBuildFile; fileRef = 466ADEDAB38F6711FC2AB8DE /* ReferralAnalyticsCalculator.swift */; };
		DE990215C8BD9E87E378BDE5 /* JobValidator.swift in Sources */ = {isa = PBXBuildFile; fileRef = 9731594D1E67365661884D5C /* JobValidator.swift */; };
		E175128AE881548EF7ED305A /* CompactLabelStyle.swift in Sources */ = {isa = PBXBuildFile; fileRef = 0A9E30DFB0662DA46F72AED0 /* CompactLabelStyle.swift */; };
		E67C9D2732B5C50889ED773F /* Fixtures.swift in Sources */ = {isa = PBXBuildFile; fileRef = 6504878EAFB059A2D840BBE3 /* Fixtures.swift */; };
		E831A3CD99FCFA905B371DDC /* ReferralValidator.swift in Sources */ = {isa = PBXBuildFile; fileRef = 3AEBC857E68E013E39154503 /* ReferralValidator.swift */; };
		EB85788DA294273788138008 /* JobDetailViewModel.swift in Sources */ = {isa = PBXBuildFile; fileRef = F1F83138C646721400A8553E /* JobDetailViewModel.swift */; };
		ED4B8E9E043643AF6B287F63 /* ReferralFormView.swift in Sources */ = {isa = PBXBuildFile; fileRef = 121B0628ABEAFC2AB7958343 /* ReferralFormView.swift */; };
		ED74DF47B19ADDD99C3BBA52 /* ReferralEntity+Mapping.swift in Sources */ = {isa = PBXBuildFile; fileRef = BA235B0DD068A5A45DAC9669 /* ReferralEntity+Mapping.swift */; };
		EE3B17F285C2C3146179F4A4 /* ObserveReferralAnalyticsUseCase.swift in Sources */ = {isa = PBXBuildFile; fileRef = 10673E0DA04019560477435E /* ObserveReferralAnalyticsUseCase.swift */; };
		EE45670149FC59FAA6131EAB /* TextRules.swift in Sources */ = {isa = PBXBuildFile; fileRef = 92A3745E92B980E5721BFCA1 /* TextRules.swift */; };
		EF0424AB986A1092BA439F77 /* UpdateReferralStatusUseCase.swift in Sources */ = {isa = PBXBuildFile; fileRef = 50D3C5956D0CC7427D8AD2D7 /* UpdateReferralStatusUseCase.swift */; };
		F644BCB2429EF14A3679E87B /* ReferralDetailView.swift in Sources */ = {isa = PBXBuildFile; fileRef = 1138D27FADE72082DE2437A7 /* ReferralDetailView.swift */; };
		FA9A7E62B2264D9444975358 /* ObserveAllReferralsUseCase.swift in Sources */ = {isa = PBXBuildFile; fileRef = 94E9D2C76371935346DE827D /* ObserveAllReferralsUseCase.swift */; };
		FCC909D19C75EEF00A318AF5 /* Job.swift in Sources */ = {isa = PBXBuildFile; fileRef = CBDF3DBC213F12F3E633AB97 /* Job.swift */; };
/* End PBXBuildFile section */

/* Begin PBXContainerItemProxy section */
		51CC16C95C9AA26CBC004109 /* PBXContainerItemProxy */ = {
			isa = PBXContainerItemProxy;
			containerPortal = 4ACC6C56EB981C3F73B1414D /* Project object */;
			proxyType = 1;
			remoteGlobalIDString = F6E8C272B9EABC01F4F7FCE4;
			remoteInfo = JobReferralTracker;
		};
/* End PBXContainerItemProxy section */

/* Begin PBXFileReference section */
		05223749D691D724A1001F57 /* JobReferralTracker.app */ = {isa = PBXFileReference; includeInIndex = 0; lastKnownFileType = wrapper.application; path = JobReferralTracker.app; sourceTree = BUILT_PRODUCTS_DIR; };
		0565CE072C686C5BB56AEC8B /* Referral.swift */ = {isa = PBXFileReference; lastKnownFileType = sourcecode.swift; path = Referral.swift; sourceTree = "<group>"; };
		0A9E30DFB0662DA46F72AED0 /* CompactLabelStyle.swift */ = {isa = PBXFileReference; lastKnownFileType = sourcecode.swift; path = CompactLabelStyle.swift; sourceTree = "<group>"; };
		0FC5A298491D077F0CCEA82A /* CoreDataReferralRepository.swift */ = {isa = PBXFileReference; lastKnownFileType = sourcecode.swift; path = CoreDataReferralRepository.swift; sourceTree = "<group>"; };
		10673E0DA04019560477435E /* ObserveReferralAnalyticsUseCase.swift */ = {isa = PBXFileReference; lastKnownFileType = sourcecode.swift; path = ObserveReferralAnalyticsUseCase.swift; sourceTree = "<group>"; };
		10AE04E188A181255F9914CD /* ReferralStatus.swift */ = {isa = PBXFileReference; lastKnownFileType = sourcecode.swift; path = ReferralStatus.swift; sourceTree = "<group>"; };
		1138D27FADE72082DE2437A7 /* ReferralDetailView.swift */ = {isa = PBXFileReference; lastKnownFileType = sourcecode.swift; path = ReferralDetailView.swift; sourceTree = "<group>"; };
		121B0628ABEAFC2AB7958343 /* ReferralFormView.swift */ = {isa = PBXFileReference; lastKnownFileType = sourcecode.swift; path = ReferralFormView.swift; sourceTree = "<group>"; };
		1233FEAD792061E6A42C8E9F /* ReferralEntity.swift */ = {isa = PBXFileReference; lastKnownFileType = sourcecode.swift; path = ReferralEntity.swift; sourceTree = "<group>"; };
		1562750319B2545A1AF4CE48 /* ObserveJobUseCase.swift */ = {isa = PBXFileReference; lastKnownFileType = sourcecode.swift; path = ObserveJobUseCase.swift; sourceTree = "<group>"; };
		1988EFC2757B3818E06699F4 /* JobListViewModel.swift */ = {isa = PBXFileReference; lastKnownFileType = sourcecode.swift; path = JobListViewModel.swift; sourceTree = "<group>"; };
		1C2D34F1B657FA5474E14564 /* InMemoryRepository.swift */ = {isa = PBXFileReference; lastKnownFileType = sourcecode.swift; path = InMemoryRepository.swift; sourceTree = "<group>"; };
		1C96F89CD6707BEF269C9FD3 /* LoadState.swift */ = {isa = PBXFileReference; lastKnownFileType = sourcecode.swift; path = LoadState.swift; sourceTree = "<group>"; };
		1F830DC7335858680802B3A4 /* PreviewData.swift */ = {isa = PBXFileReference; lastKnownFileType = sourcecode.swift; path = PreviewData.swift; sourceTree = "<group>"; };
		210FEA43A765C1A74E70F056 /* JobFormViewModel.swift */ = {isa = PBXFileReference; lastKnownFileType = sourcecode.swift; path = JobFormViewModel.swift; sourceTree = "<group>"; };
		268E897CFBC809E2BE28324C /* JobReferralTracker.xcdatamodel */ = {isa = PBXFileReference; lastKnownFileType = wrapper.xcdatamodel; path = JobReferralTracker.xcdatamodel; sourceTree = "<group>"; };
		2B0512802363888A9EBBD657 /* DomainError.swift */ = {isa = PBXFileReference; lastKnownFileType = sourcecode.swift; path = DomainError.swift; sourceTree = "<group>"; };
		2F272958BC046834E3D2AA99 /* JobBreakdownRow.swift */ = {isa = PBXFileReference; lastKnownFileType = sourcecode.swift; path = JobBreakdownRow.swift; sourceTree = "<group>"; };
		357AB0D12213C9E2C7C5CA51 /* JobDraft.swift */ = {isa = PBXFileReference; lastKnownFileType = sourcecode.swift; path = JobDraft.swift; sourceTree = "<group>"; };
		36873FB8E6837511D82BF982 /* ObserveJobSummariesUseCase.swift */ = {isa = PBXFileReference; lastKnownFileType = sourcecode.swift; path = ObserveJobSummariesUseCase.swift; sourceTree = "<group>"; };
		3AEBC857E68E013E39154503 /* ReferralValidator.swift */ = {isa = PBXFileReference; lastKnownFileType = sourcecode.swift; path = ReferralValidator.swift; sourceTree = "<group>"; };
		3AFD8DAB767868588E237770 /* JobRepository.swift */ = {isa = PBXFileReference; lastKnownFileType = sourcecode.swift; path = JobRepository.swift; sourceTree = "<group>"; };
		3BFA18D06C951C94901A0DB2 /* JobListView.swift */ = {isa = PBXFileReference; lastKnownFileType = sourcecode.swift; path = JobListView.swift; sourceTree = "<group>"; };
		4184A40BC2B3BED4291DCAA3 /* Preview Assets.xcassets */ = {isa = PBXFileReference; lastKnownFileType = folder.assetcatalog; path = "Preview Assets.xcassets"; sourceTree = "<group>"; };
		444E6EC0C3718515287BE03C /* Dependencies.swift */ = {isa = PBXFileReference; lastKnownFileType = sourcecode.swift; path = Dependencies.swift; sourceTree = "<group>"; };
		466ADEDAB38F6711FC2AB8DE /* ReferralAnalyticsCalculator.swift */ = {isa = PBXFileReference; lastKnownFileType = sourcecode.swift; path = ReferralAnalyticsCalculator.swift; sourceTree = "<group>"; };
		469D12EE6FEC495EDE236EB1 /* StatusChart.swift */ = {isa = PBXFileReference; lastKnownFileType = sourcecode.swift; path = StatusChart.swift; sourceTree = "<group>"; };
		4BC5E10F22836D65253DD419 /* UpdateJobUseCase.swift */ = {isa = PBXFileReference; lastKnownFileType = sourcecode.swift; path = UpdateJobUseCase.swift; sourceTree = "<group>"; };
		50D3C5956D0CC7427D8AD2D7 /* UpdateReferralStatusUseCase.swift */ = {isa = PBXFileReference; lastKnownFileType = sourcecode.swift; path = UpdateReferralStatusUseCase.swift; sourceTree = "<group>"; };
		53B76899B647030027F65295 /* CoreDataJobRepository.swift */ = {isa = PBXFileReference; lastKnownFileType = sourcecode.swift; path = CoreDataJobRepository.swift; sourceTree = "<group>"; };
		582CC8F3E0F08BF48080213A /* ReferralFormViewModel.swift */ = {isa = PBXFileReference; lastKnownFileType = sourcecode.swift; path = ReferralFormViewModel.swift; sourceTree = "<group>"; };
		5D91DB9E1F19F6A32E496626 /* CoreDataChangeObserver.swift */ = {isa = PBXFileReference; lastKnownFileType = sourcecode.swift; path = CoreDataChangeObserver.swift; sourceTree = "<group>"; };
		5E9CD5403720107416F72380 /* DataChangeObserving.swift */ = {isa = PBXFileReference; lastKnownFileType = sourcecode.swift; path = DataChangeObserving.swift; sourceTree = "<group>"; };
		5F7D1EF96585DF833364C3F2 /* RootView.swift */ = {isa = PBXFileReference; lastKnownFileType = sourcecode.swift; path = RootView.swift; sourceTree = "<group>"; };
		6063679D91A43DC9CF47B197 /* ReferralRow.swift */ = {isa = PBXFileReference; lastKnownFileType = sourcecode.swift; path = ReferralRow.swift; sourceTree = "<group>"; };
		6504878EAFB059A2D840BBE3 /* Fixtures.swift */ = {isa = PBXFileReference; lastKnownFileType = sourcecode.swift; path = Fixtures.swift; sourceTree = "<group>"; };
		671CB4B0A890CDEB67324656 /* AppRoute.swift */ = {isa = PBXFileReference; lastKnownFileType = sourcecode.swift; path = AppRoute.swift; sourceTree = "<group>"; };
		672871D2A3C366A699CD8297 /* StatusCountGrid.swift */ = {isa = PBXFileReference; lastKnownFileType = sourcecode.swift; path = StatusCountGrid.swift; sourceTree = "<group>"; };
		6A9E801596CD26220739D2F6 /* AppBootstrapper.swift */ = {isa = PBXFileReference; lastKnownFileType = sourcecode.swift; path = AppBootstrapper.swift; sourceTree = "<group>"; };
		6C1BA512D509B100589839B8 /* JobEntity.swift */ = {isa = PBXFileReference; lastKnownFileType = sourcecode.swift; path = JobEntity.swift; sourceTree = "<group>"; };
		6DE6AC767261469538504396 /* JobReferralTrackerTests.xctest */ = {isa = PBXFileReference; includeInIndex = 0; lastKnownFileType = wrapper.cfbundle; path = JobReferralTrackerTests.xctest; sourceTree = BUILT_PRODUCTS_DIR; };
		7359A23D82737745F66E7DCF /* View+Alerts.swift */ = {isa = PBXFileReference; lastKnownFileType = sourcecode.swift; path = "View+Alerts.swift"; sourceTree = "<group>"; };
		7C9A7F799C01E77D01BFB648 /* JobUseCaseTests.swift */ = {isa = PBXFileReference; lastKnownFileType = sourcecode.swift; path = JobUseCaseTests.swift; sourceTree = "<group>"; };
		7DE8E1D0513625C750EFD8D5 /* ReferralDetailViewModel.swift */ = {isa = PBXFileReference; lastKnownFileType = sourcecode.swift; path = ReferralDetailViewModel.swift; sourceTree = "<group>"; };
		7FB196B4937E05FDDABA41C9 /* Error+UserMessage.swift */ = {isa = PBXFileReference; lastKnownFileType = sourcecode.swift; path = "Error+UserMessage.swift"; sourceTree = "<group>"; };
		806BDE3E25E28C009ADD9F12 /* ReferralValidatorTests.swift */ = {isa = PBXFileReference; lastKnownFileType = sourcecode.swift; path = ReferralValidatorTests.swift; sourceTree = "<group>"; };
		86F185239D82A2C7FCBAA9BB /* JobSummary.swift */ = {isa = PBXFileReference; lastKnownFileType = sourcecode.swift; path = JobSummary.swift; sourceTree = "<group>"; };
		8768F44A8BD3D5F1CAEAA054 /* JobValidatorTests.swift */ = {isa = PBXFileReference; lastKnownFileType = sourcecode.swift; path = JobValidatorTests.swift; sourceTree = "<group>"; };
		8913713BC49C3D857B0F3034 /* MainTabView.swift */ = {isa = PBXFileReference; lastKnownFileType = sourcecode.swift; path = MainTabView.swift; sourceTree = "<group>"; };
		8AC7950433D466A003C9E858 /* ReferralListItem.swift */ = {isa = PBXFileReference; lastKnownFileType = sourcecode.swift; path = ReferralListItem.swift; sourceTree = "<group>"; };
		8B15AB7BE4C79B970757FE38 /* JobSummaryCard.swift */ = {isa = PBXFileReference; lastKnownFileType = sourcecode.swift; path = JobSummaryCard.swift; sourceTree = "<group>"; };
		8CBE7934A47D54EDCD2F1838 /* JobDetailView.swift */ = {isa = PBXFileReference; lastKnownFileType = sourcecode.swift; path = JobDetailView.swift; sourceTree = "<group>"; };
		8E74BFD6A88DD3830E74937F /* ReferralDraft.swift */ = {isa = PBXFileReference; lastKnownFileType = sourcecode.swift; path = ReferralDraft.swift; sourceTree = "<group>"; };
		8FABD58E82725E1A1767CE2C /* ViewModelFactory.swift */ = {isa = PBXFileReference; lastKnownFileType = sourcecode.swift; path = ViewModelFactory.swift; sourceTree = "<group>"; };
		92A3745E92B980E5721BFCA1 /* TextRules.swift */ = {isa = PBXFileReference; lastKnownFileType = sourcecode.swift; path = TextRules.swift; sourceTree = "<group>"; };
		94E9D2C76371935346DE827D /* ObserveAllReferralsUseCase.swift */ = {isa = PBXFileReference; lastKnownFileType = sourcecode.swift; path = ObserveAllReferralsUseCase.swift; sourceTree = "<group>"; };
		9731594D1E67365661884D5C /* JobValidator.swift */ = {isa = PBXFileReference; lastKnownFileType = sourcecode.swift; path = JobValidator.swift; sourceTree = "<group>"; };
		97C78C830DD9AEA80F519979 /* ReferralRepository.swift */ = {isa = PBXFileReference; lastKnownFileType = sourcecode.swift; path = ReferralRepository.swift; sourceTree = "<group>"; };
		9C1261E5660B33BBE8A75221 /* ReferralFilter.swift */ = {isa = PBXFileReference; lastKnownFileType = sourcecode.swift; path = ReferralFilter.swift; sourceTree = "<group>"; };
		9FB7348CBC6179FF1447BE62 /* DeleteJobUseCase.swift */ = {isa = PBXFileReference; lastKnownFileType = sourcecode.swift; path = DeleteJobUseCase.swift; sourceTree = "<group>"; };
		A2FE4086E30356B965EB83A6 /* CoreDataStack.swift */ = {isa = PBXFileReference; lastKnownFileType = sourcecode.swift; path = CoreDataStack.swift; sourceTree = "<group>"; };
		A454B47EABC8EB3F503F0DBC /* StatusBreakdownBar.swift */ = {isa = PBXFileReference; lastKnownFileType = sourcecode.swift; path = StatusBreakdownBar.swift; sourceTree = "<group>"; };
		A8D4CCF172762B70509D15B5 /* ReferralValidator+Repository.swift */ = {isa = PBXFileReference; lastKnownFileType = sourcecode.swift; path = "ReferralValidator+Repository.swift"; sourceTree = "<group>"; };
		AD661703A4539C0A0D8FCF25 /* ObserveReferralsUseCase.swift */ = {isa = PBXFileReference; lastKnownFileType = sourcecode.swift; path = ObserveReferralsUseCase.swift; sourceTree = "<group>"; };
		AFBD25A05F2E730D7F4A8449 /* ReferralAnalytics.swift */ = {isa = PBXFileReference; lastKnownFileType = sourcecode.swift; path = ReferralAnalytics.swift; sourceTree = "<group>"; };
		B1ECB783DF9A904BCCB4AE0C /* CreateJobUseCase.swift */ = {isa = PBXFileReference; lastKnownFileType = sourcecode.swift; path = CreateJobUseCase.swift; sourceTree = "<group>"; };
		B679E9CE51A9A72E0A79CC59 /* FormTextField.swift */ = {isa = PBXFileReference; lastKnownFileType = sourcecode.swift; path = FormTextField.swift; sourceTree = "<group>"; };
		B8A6CC774F893268EC18A1EF /* AddReferralUseCase.swift */ = {isa = PBXFileReference; lastKnownFileType = sourcecode.swift; path = AddReferralUseCase.swift; sourceTree = "<group>"; };
		BA235B0DD068A5A45DAC9669 /* ReferralEntity+Mapping.swift */ = {isa = PBXFileReference; lastKnownFileType = sourcecode.swift; path = "ReferralEntity+Mapping.swift"; sourceTree = "<group>"; };
		BA5C63FE4DB049F3EF90A7CB /* Router.swift */ = {isa = PBXFileReference; lastKnownFileType = sourcecode.swift; path = Router.swift; sourceTree = "<group>"; };
		BC668DE1DF4421F72D293A2E /* ReferralStatus+UI.swift */ = {isa = PBXFileReference; lastKnownFileType = sourcecode.swift; path = "ReferralStatus+UI.swift"; sourceTree = "<group>"; };
		CBDF3DBC213F12F3E633AB97 /* Job.swift */ = {isa = PBXFileReference; lastKnownFileType = sourcecode.swift; path = Job.swift; sourceTree = "<group>"; };
		CF491FD821BCCB275E8CCC5E /* EmptyStateView.swift */ = {isa = PBXFileReference; lastKnownFileType = sourcecode.swift; path = EmptyStateView.swift; sourceTree = "<group>"; };
		D23EE6C7735894CCF255B09B /* UpdateReferralUseCase.swift */ = {isa = PBXFileReference; lastKnownFileType = sourcecode.swift; path = UpdateReferralUseCase.swift; sourceTree = "<group>"; };
		D4CA920EA5AD477D6CB54962 /* JobFormView.swift */ = {isa = PBXFileReference; lastKnownFileType = sourcecode.swift; path = JobFormView.swift; sourceTree = "<group>"; };
		D5334910DBC22D680FCABFC4 /* DeleteReferralUseCase.swift */ = {isa = PBXFileReference; lastKnownFileType = sourcecode.swift; path = DeleteReferralUseCase.swift; sourceTree = "<group>"; };
		DB20EB62A0DD532F70B916B1 /* ObserveReferralUseCase.swift */ = {isa = PBXFileReference; lastKnownFileType = sourcecode.swift; path = ObserveReferralUseCase.swift; sourceTree = "<group>"; };
		DB649E2CD802FA8886445F20 /* JobReferralTrackerApp.swift */ = {isa = PBXFileReference; lastKnownFileType = sourcecode.swift; path = JobReferralTrackerApp.swift; sourceTree = "<group>"; };
		DE37710856ED2D9D346F63F9 /* AppContainer.swift */ = {isa = PBXFileReference; lastKnownFileType = sourcecode.swift; path = AppContainer.swift; sourceTree = "<group>"; };
		DFD7C9F3791439DCA54816D7 /* ValidationResult.swift */ = {isa = PBXFileReference; lastKnownFileType = sourcecode.swift; path = ValidationResult.swift; sourceTree = "<group>"; };
		E0D640D632BAD9DF1599DF5D /* DataError.swift */ = {isa = PBXFileReference; lastKnownFileType = sourcecode.swift; path = DataError.swift; sourceTree = "<group>"; };
		E5267301EEE25E4B5D15561C /* AnalyticsViewModel.swift */ = {isa = PBXFileReference; lastKnownFileType = sourcecode.swift; path = AnalyticsViewModel.swift; sourceTree = "<group>"; };
		E734778FD73A3D7FB76DDCB3 /* StatusBadge.swift */ = {isa = PBXFileReference; lastKnownFileType = sourcecode.swift; path = StatusBadge.swift; sourceTree = "<group>"; };
		ED8764E28263E84864C74955 /* LiveQuery.swift */ = {isa = PBXFileReference; lastKnownFileType = sourcecode.swift; path = LiveQuery.swift; sourceTree = "<group>"; };
		EE4AD43A206CA47031CE82BC /* Assets.xcassets */ = {isa = PBXFileReference; lastKnownFileType = folder.assetcatalog; path = Assets.xcassets; sourceTree = "<group>"; };
		F1F83138C646721400A8553E /* JobDetailViewModel.swift */ = {isa = PBXFileReference; lastKnownFileType = sourcecode.swift; path = JobDetailViewModel.swift; sourceTree = "<group>"; };
		F36A61325025DDAAE190162C /* AppContainer+ViewModelFactory.swift */ = {isa = PBXFileReference; lastKnownFileType = sourcecode.swift; path = "AppContainer+ViewModelFactory.swift"; sourceTree = "<group>"; };
		F93C33B0CE879CEC0610CF80 /* JobEntity+Mapping.swift */ = {isa = PBXFileReference; lastKnownFileType = sourcecode.swift; path = "JobEntity+Mapping.swift"; sourceTree = "<group>"; };
		FC99C0985138513492E25243 /* ValidationIssue+Message.swift */ = {isa = PBXFileReference; lastKnownFileType = sourcecode.swift; path = "ValidationIssue+Message.swift"; sourceTree = "<group>"; };
		FE8748B1951882A4B57935F9 /* AnalyticsView.swift */ = {isa = PBXFileReference; lastKnownFileType = sourcecode.swift; path = AnalyticsView.swift; sourceTree = "<group>"; };
/* End PBXFileReference section */

/* Begin PBXGroup section */
		0D061CAEDAF740AF75FD0CA0 /* CoreData */ = {
			isa = PBXGroup;
			children = (
				5D91DB9E1F19F6A32E496626 /* CoreDataChangeObserver.swift */,
				A2FE4086E30356B965EB83A6 /* CoreDataStack.swift */,
				A45206EC872CF37622A0194C /* JobReferralTracker.xcdatamodeld */,
				1B53D809304E55B8AC58D762 /* ManagedObjects */,
			);
			path = CoreData;
			sourceTree = "<group>";
		};
		0D427F6BD39918BAE4525420 /* Preview Content */ = {
			isa = PBXGroup;
			children = (
				4184A40BC2B3BED4291DCAA3 /* Preview Assets.xcassets */,
				1F830DC7335858680802B3A4 /* PreviewData.swift */,
			);
			path = "Preview Content";
			sourceTree = "<group>";
		};
		170C9AA14FE7E1D8303D8DEA /* Inputs */ = {
			isa = PBXGroup;
			children = (
				357AB0D12213C9E2C7C5CA51 /* JobDraft.swift */,
				8E74BFD6A88DD3830E74937F /* ReferralDraft.swift */,
			);
			path = Inputs;
			sourceTree = "<group>";
		};
		1B05DF8685DAD9ADFFB45FBF /* Products */ = {
			isa = PBXGroup;
			children = (
				05223749D691D724A1001F57 /* JobReferralTracker.app */,
				6DE6AC767261469538504396 /* JobReferralTrackerTests.xctest */,
			);
			name = Products;
			sourceTree = "<group>";
		};
		1B07CE1EFEBC785267F76B43 /* Presentation */ = {
			isa = PBXGroup;
			children = (
				EB700E2242697F50A4940DFD /* Common */,
				D8F17618BD81542A92DF26B2 /* Features */,
				863162EDC04E252F6BA0B23F /* Navigation */,
			);
			path = Presentation;
			sourceTree = "<group>";
		};
		1B53D809304E55B8AC58D762 /* ManagedObjects */ = {
			isa = PBXGroup;
			children = (
				6C1BA512D509B100589839B8 /* JobEntity.swift */,
				1233FEAD792061E6A42C8E9F /* ReferralEntity.swift */,
			);
			path = ManagedObjects;
			sourceTree = "<group>";
		};
		25336FA0BF19995F0BE77B05 /* JobForm */ = {
			isa = PBXGroup;
			children = (
				D4CA920EA5AD477D6CB54962 /* JobFormView.swift */,
				210FEA43A765C1A74E70F056 /* JobFormViewModel.swift */,
			);
			path = JobForm;
			sourceTree = "<group>";
		};
		29731B689F3F821A31742C8E /* ReferralForm */ = {
			isa = PBXGroup;
			children = (
				121B0628ABEAFC2AB7958343 /* ReferralFormView.swift */,
				582CC8F3E0F08BF48080213A /* ReferralFormViewModel.swift */,
			);
			path = ReferralForm;
			sourceTree = "<group>";
		};
		3217DAF9CECC0D3989247D7E /* Repositories */ = {
			isa = PBXGroup;
			children = (
				53B76899B647030027F65295 /* CoreDataJobRepository.swift */,
				0FC5A298491D077F0CCEA82A /* CoreDataReferralRepository.swift */,
			);
			path = Repositories;
			sourceTree = "<group>";
		};
		32F56498F4AE104474E2AFF6 /* Errors */ = {
			isa = PBXGroup;
			children = (
				2B0512802363888A9EBBD657 /* DomainError.swift */,
			);
			path = Errors;
			sourceTree = "<group>";
		};
		34E5785D260F5A2F85A4BE28 /* App */ = {
			isa = PBXGroup;
			children = (
				6A9E801596CD26220739D2F6 /* AppBootstrapper.swift */,
				DE37710856ED2D9D346F63F9 /* AppContainer.swift */,
				F36A61325025DDAAE190162C /* AppContainer+ViewModelFactory.swift */,
				DB649E2CD802FA8886445F20 /* JobReferralTrackerApp.swift */,
				5F7D1EF96585DF833364C3F2 /* RootView.swift */,
			);
			path = App;
			sourceTree = "<group>";
		};
		41A0310C5640B791A1D5AB5A /* Validation */ = {
			isa = PBXGroup;
			children = (
				9731594D1E67365661884D5C /* JobValidator.swift */,
				3AEBC857E68E013E39154503 /* ReferralValidator.swift */,
				92A3745E92B980E5721BFCA1 /* TextRules.swift */,
				DFD7C9F3791439DCA54816D7 /* ValidationResult.swift */,
			);
			path = Validation;
			sourceTree = "<group>";
		};
		511A76E959267BF4BA8DDD48 /* Data */ = {
			isa = PBXGroup;
			children = (
				E0D640D632BAD9DF1599DF5D /* DataError.swift */,
				0D061CAEDAF740AF75FD0CA0 /* CoreData */,
				71C7BE80183819153DCE6A11 /* Mappers */,
				3217DAF9CECC0D3989247D7E /* Repositories */,
			);
			path = Data;
			sourceTree = "<group>";
		};
		59E419A1946BC353DDF7F231 /* Domain */ = {
			isa = PBXGroup;
			children = (
				63C125CBD2C0D0B911AF94F0 /* Entities */,
				32F56498F4AE104474E2AFF6 /* Errors */,
				170C9AA14FE7E1D8303D8DEA /* Inputs */,
				652145A64C9D095E3D4D8310 /* Repositories */,
				CFB0A5D96CC89F68067F568B /* Services */,
				E31B34C9AC4B528E6F323281 /* UseCases */,
				41A0310C5640B791A1D5AB5A /* Validation */,
			);
			path = Domain;
			sourceTree = "<group>";
		};
		5DB20B016A18D79A7588F39F /* TestDoubles */ = {
			isa = PBXGroup;
			children = (
				6504878EAFB059A2D840BBE3 /* Fixtures.swift */,
				1C2D34F1B657FA5474E14564 /* InMemoryRepository.swift */,
			);
			path = TestDoubles;
			sourceTree = "<group>";
		};
		63C125CBD2C0D0B911AF94F0 /* Entities */ = {
			isa = PBXGroup;
			children = (
				CBDF3DBC213F12F3E633AB97 /* Job.swift */,
				86F185239D82A2C7FCBAA9BB /* JobSummary.swift */,
				0565CE072C686C5BB56AEC8B /* Referral.swift */,
				AFBD25A05F2E730D7F4A8449 /* ReferralAnalytics.swift */,
				8AC7950433D466A003C9E858 /* ReferralListItem.swift */,
				10AE04E188A181255F9914CD /* ReferralStatus.swift */,
			);
			path = Entities;
			sourceTree = "<group>";
		};
		652145A64C9D095E3D4D8310 /* Repositories */ = {
			isa = PBXGroup;
			children = (
				5E9CD5403720107416F72380 /* DataChangeObserving.swift */,
				3AFD8DAB767868588E237770 /* JobRepository.swift */,
				97C78C830DD9AEA80F519979 /* ReferralRepository.swift */,
			);
			path = Repositories;
			sourceTree = "<group>";
		};
		656B9B71586FECB5ED7E8D14 /* Resources */ = {
			isa = PBXGroup;
			children = (
				EE4AD43A206CA47031CE82BC /* Assets.xcassets */,
			);
			path = Resources;
			sourceTree = "<group>";
		};
		71C7BE80183819153DCE6A11 /* Mappers */ = {
			isa = PBXGroup;
			children = (
				F93C33B0CE879CEC0610CF80 /* JobEntity+Mapping.swift */,
				BA235B0DD068A5A45DAC9669 /* ReferralEntity+Mapping.swift */,
			);
			path = Mappers;
			sourceTree = "<group>";
		};
		77C976EB3EC7E8D1F2DF52DB /* Domain */ = {
			isa = PBXGroup;
			children = (
				7C9A7F799C01E77D01BFB648 /* JobUseCaseTests.swift */,
				8768F44A8BD3D5F1CAEAA054 /* JobValidatorTests.swift */,
				806BDE3E25E28C009ADD9F12 /* ReferralValidatorTests.swift */,
			);
			path = Domain;
			sourceTree = "<group>";
		};
		81BA76CB8A04DD44557734B4 /* JobReferralTrackerTests */ = {
			isa = PBXGroup;
			children = (
				77C976EB3EC7E8D1F2DF52DB /* Domain */,
				5DB20B016A18D79A7588F39F /* TestDoubles */,
			);
			path = JobReferralTrackerTests;
			sourceTree = "<group>";
		};
		863162EDC04E252F6BA0B23F /* Navigation */ = {
			isa = PBXGroup;
			children = (
				671CB4B0A890CDEB67324656 /* AppRoute.swift */,
				8913713BC49C3D857B0F3034 /* MainTabView.swift */,
				BA5C63FE4DB049F3EF90A7CB /* Router.swift */,
				8FABD58E82725E1A1767CE2C /* ViewModelFactory.swift */,
			);
			path = Navigation;
			sourceTree = "<group>";
		};
		8D79931B972C352ABA9C98C0 /* Referrals */ = {
			isa = PBXGroup;
			children = (
				B8A6CC774F893268EC18A1EF /* AddReferralUseCase.swift */,
				D5334910DBC22D680FCABFC4 /* DeleteReferralUseCase.swift */,
				AD661703A4539C0A0D8FCF25 /* ObserveReferralsUseCase.swift */,
				DB20EB62A0DD532F70B916B1 /* ObserveReferralUseCase.swift */,
				A8D4CCF172762B70509D15B5 /* ReferralValidator+Repository.swift */,
				50D3C5956D0CC7427D8AD2D7 /* UpdateReferralStatusUseCase.swift */,
				D23EE6C7735894CCF255B09B /* UpdateReferralUseCase.swift */,
			);
			path = Referrals;
			sourceTree = "<group>";
		};
		98435614BDF9C6B4E1EB75CB /* Analytics */ = {
			isa = PBXGroup;
			children = (
				FE8748B1951882A4B57935F9 /* AnalyticsView.swift */,
				E5267301EEE25E4B5D15561C /* AnalyticsViewModel.swift */,
				2F272958BC046834E3D2AA99 /* JobBreakdownRow.swift */,
				469D12EE6FEC495EDE236EB1 /* StatusChart.swift */,
			);
			path = Analytics;
			sourceTree = "<group>";
		};
		AF3DB396F454AF442F5D34D6 /* JobReferralTracker */ = {
			isa = PBXGroup;
			children = (
				34E5785D260F5A2F85A4BE28 /* App */,
				511A76E959267BF4BA8DDD48 /* Data */,
				59E419A1946BC353DDF7F231 /* Domain */,
				1B07CE1EFEBC785267F76B43 /* Presentation */,
				0D427F6BD39918BAE4525420 /* Preview Content */,
				656B9B71586FECB5ED7E8D14 /* Resources */,
			);
			path = JobReferralTracker;
			sourceTree = "<group>";
		};
		B0BF3BAD22BCBD6B348F70F5 /* JobDetail */ = {
			isa = PBXGroup;
			children = (
				8CBE7934A47D54EDCD2F1838 /* JobDetailView.swift */,
				F1F83138C646721400A8553E /* JobDetailViewModel.swift */,
			);
			path = JobDetail;
			sourceTree = "<group>";
		};
		B951BCB64044098B909B2FFA = {
			isa = PBXGroup;
			children = (
				AF3DB396F454AF442F5D34D6 /* JobReferralTracker */,
				81BA76CB8A04DD44557734B4 /* JobReferralTrackerTests */,
				1B05DF8685DAD9ADFFB45FBF /* Products */,
			);
			sourceTree = "<group>";
		};
		BAC848B9F3B50A26C44D3B60 /* JobList */ = {
			isa = PBXGroup;
			children = (
				3BFA18D06C951C94901A0DB2 /* JobListView.swift */,
				1988EFC2757B3818E06699F4 /* JobListViewModel.swift */,
				8B15AB7BE4C79B970757FE38 /* JobSummaryCard.swift */,
			);
			path = JobList;
			sourceTree = "<group>";
		};
		CFB0A5D96CC89F68067F568B /* Services */ = {
			isa = PBXGroup;
			children = (
				ED8764E28263E84864C74955 /* LiveQuery.swift */,
				466ADEDAB38F6711FC2AB8DE /* ReferralAnalyticsCalculator.swift */,
				9C1261E5660B33BBE8A75221 /* ReferralFilter.swift */,
			);
			path = Services;
			sourceTree = "<group>";
		};
		D472FC991E4185D3D438A646 /* ReferralDetail */ = {
			isa = PBXGroup;
			children = (
				1138D27FADE72082DE2437A7 /* ReferralDetailView.swift */,
				7DE8E1D0513625C750EFD8D5 /* ReferralDetailViewModel.swift */,
			);
			path = ReferralDetail;
			sourceTree = "<group>";
		};
		D8F17618BD81542A92DF26B2 /* Features */ = {
			isa = PBXGroup;
			children = (
				98435614BDF9C6B4E1EB75CB /* Analytics */,
				B0BF3BAD22BCBD6B348F70F5 /* JobDetail */,
				25336FA0BF19995F0BE77B05 /* JobForm */,
				BAC848B9F3B50A26C44D3B60 /* JobList */,
				D472FC991E4185D3D438A646 /* ReferralDetail */,
				29731B689F3F821A31742C8E /* ReferralForm */,
			);
			path = Features;
			sourceTree = "<group>";
		};
		E31B34C9AC4B528E6F323281 /* UseCases */ = {
			isa = PBXGroup;
			children = (
				444E6EC0C3718515287BE03C /* Dependencies.swift */,
				E39E42AE99FDE3D68DAF0146 /* Analytics */,
				EDF44AFC06088D6656FEEB66 /* Jobs */,
				8D79931B972C352ABA9C98C0 /* Referrals */,
			);
			path = UseCases;
			sourceTree = "<group>";
		};
		E39E42AE99FDE3D68DAF0146 /* Analytics */ = {
			isa = PBXGroup;
			children = (
				94E9D2C76371935346DE827D /* ObserveAllReferralsUseCase.swift */,
				10673E0DA04019560477435E /* ObserveReferralAnalyticsUseCase.swift */,
			);
			path = Analytics;
			sourceTree = "<group>";
		};
		EB700E2242697F50A4940DFD /* Common */ = {
			isa = PBXGroup;
			children = (
				0A9E30DFB0662DA46F72AED0 /* CompactLabelStyle.swift */,
				CF491FD821BCCB275E8CCC5E /* EmptyStateView.swift */,
				7FB196B4937E05FDDABA41C9 /* Error+UserMessage.swift */,
				B679E9CE51A9A72E0A79CC59 /* FormTextField.swift */,
				1C96F89CD6707BEF269C9FD3 /* LoadState.swift */,
				6063679D91A43DC9CF47B197 /* ReferralRow.swift */,
				BC668DE1DF4421F72D293A2E /* ReferralStatus+UI.swift */,
				E734778FD73A3D7FB76DDCB3 /* StatusBadge.swift */,
				A454B47EABC8EB3F503F0DBC /* StatusBreakdownBar.swift */,
				672871D2A3C366A699CD8297 /* StatusCountGrid.swift */,
				FC99C0985138513492E25243 /* ValidationIssue+Message.swift */,
				7359A23D82737745F66E7DCF /* View+Alerts.swift */,
			);
			path = Common;
			sourceTree = "<group>";
		};
		EDF44AFC06088D6656FEEB66 /* Jobs */ = {
			isa = PBXGroup;
			children = (
				B1ECB783DF9A904BCCB4AE0C /* CreateJobUseCase.swift */,
				9FB7348CBC6179FF1447BE62 /* DeleteJobUseCase.swift */,
				36873FB8E6837511D82BF982 /* ObserveJobSummariesUseCase.swift */,
				1562750319B2545A1AF4CE48 /* ObserveJobUseCase.swift */,
				4BC5E10F22836D65253DD419 /* UpdateJobUseCase.swift */,
			);
			path = Jobs;
			sourceTree = "<group>";
		};
/* End PBXGroup section */

/* Begin PBXNativeTarget section */
		C73BE03F0021096552E57573 /* JobReferralTrackerTests */ = {
			isa = PBXNativeTarget;
			buildConfigurationList = EC90B5ED378D67673949515A /* Build configuration list for PBXNativeTarget "JobReferralTrackerTests" */;
			buildPhases = (
				D1C82DA1A167C7C806D8A1D0 /* Sources */,
			);
			buildRules = (
			);
			dependencies = (
				8DE7B05B35CD752AE2ABE50A /* PBXTargetDependency */,
			);
			name = JobReferralTrackerTests;
			packageProductDependencies = (
			);
			productName = JobReferralTrackerTests;
			productReference = 6DE6AC767261469538504396 /* JobReferralTrackerTests.xctest */;
			productType = "com.apple.product-type.bundle.unit-test";
		};
		F6E8C272B9EABC01F4F7FCE4 /* JobReferralTracker */ = {
			isa = PBXNativeTarget;
			buildConfigurationList = 9F21489359DC26675085A404 /* Build configuration list for PBXNativeTarget "JobReferralTracker" */;
			buildPhases = (
				20AE335A485D07D53FCB7866 /* Sources */,
				8A14785F8016C0204A4A0BA2 /* Resources */,
			);
			buildRules = (
			);
			dependencies = (
			);
			name = JobReferralTracker;
			packageProductDependencies = (
			);
			productName = JobReferralTracker;
			productReference = 05223749D691D724A1001F57 /* JobReferralTracker.app */;
			productType = "com.apple.product-type.application";
		};
/* End PBXNativeTarget section */

/* Begin PBXProject section */
		4ACC6C56EB981C3F73B1414D /* Project object */ = {
			isa = PBXProject;
			attributes = {
				BuildIndependentTargetsInParallel = YES;
				LastUpgradeCheck = 1430;
				TargetAttributes = {
					F6E8C272B9EABC01F4F7FCE4 = {
						ProvisioningStyle = Automatic;
					};
				};
			};
			buildConfigurationList = 1B73B909E3EE872250279B26 /* Build configuration list for PBXProject "JobReferralTracker" */;
			developmentRegion = en;
			hasScannedForEncodings = 0;
			knownRegions = (
				Base,
				en,
			);
			mainGroup = B951BCB64044098B909B2FFA;
			minimizedProjectReferenceProxies = 1;
			preferredProjectObjectVersion = 77;
			productRefGroup = 1B05DF8685DAD9ADFFB45FBF /* Products */;
			projectDirPath = "";
			projectRoot = "";
			targets = (
				F6E8C272B9EABC01F4F7FCE4 /* JobReferralTracker */,
				C73BE03F0021096552E57573 /* JobReferralTrackerTests */,
			);
		};
/* End PBXProject section */

/* Begin PBXResourcesBuildPhase section */
		8A14785F8016C0204A4A0BA2 /* Resources */ = {
			isa = PBXResourcesBuildPhase;
			buildActionMask = 2147483647;
			files = (
				1484286AC7F52BBE45ED7C3D /* Assets.xcassets in Resources */,
				D86E3CE1795C20E2124DBF89 /* Preview Assets.xcassets in Resources */,
			);
			runOnlyForDeploymentPostprocessing = 0;
		};
/* End PBXResourcesBuildPhase section */

/* Begin PBXSourcesBuildPhase section */
		20AE335A485D07D53FCB7866 /* Sources */ = {
			isa = PBXSourcesBuildPhase;
			buildActionMask = 2147483647;
			files = (
				C4B09D59DE53CA478B11FB2B /* AddReferralUseCase.swift in Sources */,
				095E11BE0E133D56D9C0F0E2 /* AnalyticsView.swift in Sources */,
				7B6FEE2AEB44747E7795A198 /* AnalyticsViewModel.swift in Sources */,
				BEB43808AE181DB58118A8CA /* AppBootstrapper.swift in Sources */,
				D9BA933B2DBCE036BD93B66A /* AppContainer+ViewModelFactory.swift in Sources */,
				68D8B8D62BD4F44971B462E2 /* AppContainer.swift in Sources */,
				3F1641C19070B6A030E629D4 /* AppRoute.swift in Sources */,
				E175128AE881548EF7ED305A /* CompactLabelStyle.swift in Sources */,
				C2CD885A166C387995399293 /* CoreDataChangeObserver.swift in Sources */,
				ADD2B3328FA7D71D4D6F268B /* CoreDataJobRepository.swift in Sources */,
				BD23176A65FECE0C38CD7BE9 /* CoreDataReferralRepository.swift in Sources */,
				78A6F92DA685E9C6B51CFF2F /* CoreDataStack.swift in Sources */,
				63C5727D9C1427254C1E67B5 /* CreateJobUseCase.swift in Sources */,
				A4356756EC5FF297981C5907 /* DataChangeObserving.swift in Sources */,
				C99B5CE0A2EAD43E1A74C0BD /* DataError.swift in Sources */,
				CBA86646E06D5AAD0975E56C /* DeleteJobUseCase.swift in Sources */,
				49912F6CD5C2EF5BEBDCCD97 /* DeleteReferralUseCase.swift in Sources */,
				248A43D2A1F1FBED1EB79C5B /* Dependencies.swift in Sources */,
				1B85D3E8B60D6FE73F960C2A /* DomainError.swift in Sources */,
				B613012A57FB67289ED0DE1B /* EmptyStateView.swift in Sources */,
				44D9EB35BD9F1EDF4E907CE7 /* Error+UserMessage.swift in Sources */,
				6C4F54CE1BF3E979D3D40EB4 /* FormTextField.swift in Sources */,
				FCC909D19C75EEF00A318AF5 /* Job.swift in Sources */,
				63359F8383A4CB1D6F2D4271 /* JobBreakdownRow.swift in Sources */,
				20F0F68C191660427EE51DF8 /* JobDetailView.swift in Sources */,
				EB85788DA294273788138008 /* JobDetailViewModel.swift in Sources */,
				A7460E1EDDBE7407B8DC3365 /* JobDraft.swift in Sources */,
				C7C365BC67BDAC4E5988E9F1 /* JobEntity+Mapping.swift in Sources */,
				244A81AA17956DD9B8FE2B74 /* JobEntity.swift in Sources */,
				01064A5917B41B6F940F689D /* JobFormView.swift in Sources */,
				10D86C073F43B6BB856C6AF7 /* JobFormViewModel.swift in Sources */,
				897F0B44966706B690882BF6 /* JobListView.swift in Sources */,
				85B243ADC387E28C4CE976C4 /* JobListViewModel.swift in Sources */,
				492F61955A13DAB3B7922D15 /* JobReferralTracker.xcdatamodeld in Sources */,
				A762E2CBCD359152241B0BC3 /* JobReferralTrackerApp.swift in Sources */,
				D74E8B5F1D05E3E69B333645 /* JobRepository.swift in Sources */,
				A34DD000764BE7DCF3A628D3 /* JobSummary.swift in Sources */,
				C05E47EEC6FD4EC4BA8F6930 /* JobSummaryCard.swift in Sources */,
				DE990215C8BD9E87E378BDE5 /* JobValidator.swift in Sources */,
				63933758EA74F08F8E025CB5 /* LiveQuery.swift in Sources */,
				1010AA1C0C0D4909F0DBBAAA /* LoadState.swift in Sources */,
				C18F1BC7A89BA01BFC80DE73 /* MainTabView.swift in Sources */,
				FA9A7E62B2264D9444975358 /* ObserveAllReferralsUseCase.swift in Sources */,
				DC38567B509915D28117D75B /* ObserveJobSummariesUseCase.swift in Sources */,
				0435F06BC19AB8E8FC851F27 /* ObserveJobUseCase.swift in Sources */,
				EE3B17F285C2C3146179F4A4 /* ObserveReferralAnalyticsUseCase.swift in Sources */,
				3AE0CFAAC041450B074D3405 /* ObserveReferralUseCase.swift in Sources */,
				0A4C9FC93D58C68FDBB2166B /* ObserveReferralsUseCase.swift in Sources */,
				175C70A7D2F62E9A67D27E9E /* PreviewData.swift in Sources */,
				3084C6B566598CCFC5066063 /* Referral.swift in Sources */,
				495D5745446894EF1672016E /* ReferralAnalytics.swift in Sources */,
				DCDD0D4D4F033EC96C1E762D /* ReferralAnalyticsCalculator.swift in Sources */,
				F644BCB2429EF14A3679E87B /* ReferralDetailView.swift in Sources */,
				26788D7FA41BD173D6804E61 /* ReferralDetailViewModel.swift in Sources */,
				6C43C7C750E714157ED07B96 /* ReferralDraft.swift in Sources */,
				ED74DF47B19ADDD99C3BBA52 /* ReferralEntity+Mapping.swift in Sources */,
				592A3B5489FD0B0EBBEA0293 /* ReferralEntity.swift in Sources */,
				63A6D43E133B8C8CF791BAFF /* ReferralFilter.swift in Sources */,
				ED4B8E9E043643AF6B287F63 /* ReferralFormView.swift in Sources */,
				37D05CF46EF955E0BC22F9FC /* ReferralFormViewModel.swift in Sources */,
				AD92650FD97B4CA7AB703AD4 /* ReferralListItem.swift in Sources */,
				1943212B9D9C584994F84655 /* ReferralRepository.swift in Sources */,
				56E3E85073B1330360F7F6C5 /* ReferralRow.swift in Sources */,
				052A82FCB6D4820E05C09061 /* ReferralStatus+UI.swift in Sources */,
				A401F81C8307B9B2D8E3E9D6 /* ReferralStatus.swift in Sources */,
				63D15ADAC8BB82A05F20677E /* ReferralValidator+Repository.swift in Sources */,
				E831A3CD99FCFA905B371DDC /* ReferralValidator.swift in Sources */,
				1A810BDC7B1533AD56ABE19D /* RootView.swift in Sources */,
				92E55DFB451721CB7602698A /* Router.swift in Sources */,
				C52F0C61D349BC3C4C4E5C3C /* StatusBadge.swift in Sources */,
				3B3A9CE6F125961B77E9F994 /* StatusBreakdownBar.swift in Sources */,
				7B5E9FD12D3DA5F877A1C09B /* StatusChart.swift in Sources */,
				A863E37116C6827E0710FCFD /* StatusCountGrid.swift in Sources */,
				EE45670149FC59FAA6131EAB /* TextRules.swift in Sources */,
				B23B25DD79A6CE5AC8A61E01 /* UpdateJobUseCase.swift in Sources */,
				EF0424AB986A1092BA439F77 /* UpdateReferralStatusUseCase.swift in Sources */,
				BCD2F77092E81B2E2FFE248C /* UpdateReferralUseCase.swift in Sources */,
				42ACFDFD12EE3DD693163EF7 /* ValidationIssue+Message.swift in Sources */,
				7E216D166028EC6393675289 /* ValidationResult.swift in Sources */,
				981618FB919B13863873B6F2 /* View+Alerts.swift in Sources */,
				D056132B987FE71443FA3C63 /* ViewModelFactory.swift in Sources */,
			);
			runOnlyForDeploymentPostprocessing = 0;
		};
		D1C82DA1A167C7C806D8A1D0 /* Sources */ = {
			isa = PBXSourcesBuildPhase;
			buildActionMask = 2147483647;
			files = (
				E67C9D2732B5C50889ED773F /* Fixtures.swift in Sources */,
				CBE9844BC8C3D3BD6E209264 /* InMemoryRepository.swift in Sources */,
				526C92CF60EFBBA701DA7756 /* JobUseCaseTests.swift in Sources */,
				472541FF178C8ECC8931C5C8 /* JobValidatorTests.swift in Sources */,
				A6711DDC49A1F57C80EF03A8 /* ReferralValidatorTests.swift in Sources */,
			);
			runOnlyForDeploymentPostprocessing = 0;
		};
/* End PBXSourcesBuildPhase section */

/* Begin PBXTargetDependency section */
		8DE7B05B35CD752AE2ABE50A /* PBXTargetDependency */ = {
			isa = PBXTargetDependency;
			target = F6E8C272B9EABC01F4F7FCE4 /* JobReferralTracker */;
			targetProxy = 51CC16C95C9AA26CBC004109 /* PBXContainerItemProxy */;
		};
/* End PBXTargetDependency section */

/* Begin XCBuildConfiguration section */
		12DC55B63C680AFA50723C5F /* Debug */ = {
			isa = XCBuildConfiguration;
			buildSettings = {
				BUNDLE_LOADER = "$(TEST_HOST)";
				GENERATE_INFOPLIST_FILE = YES;
				LD_RUNPATH_SEARCH_PATHS = (
					"$(inherited)",
					"@executable_path/Frameworks",
					"@loader_path/Frameworks",
				);
				PRODUCT_BUNDLE_IDENTIFIER = com.binshaker.JobReferralTrackerTests;
				SDKROOT = iphoneos;
				TARGETED_DEVICE_FAMILY = "1,2";
				TEST_HOST = "$(BUILT_PRODUCTS_DIR)/JobReferralTracker.app/$(BUNDLE_EXECUTABLE_FOLDER_PATH)/JobReferralTracker";
			};
			name = Debug;
		};
		24C3E412C2E0C560BD04DEE1 /* Release */ = {
			isa = XCBuildConfiguration;
			buildSettings = {
				BUNDLE_LOADER = "$(TEST_HOST)";
				GENERATE_INFOPLIST_FILE = YES;
				LD_RUNPATH_SEARCH_PATHS = (
					"$(inherited)",
					"@executable_path/Frameworks",
					"@loader_path/Frameworks",
				);
				PRODUCT_BUNDLE_IDENTIFIER = com.binshaker.JobReferralTrackerTests;
				SDKROOT = iphoneos;
				TARGETED_DEVICE_FAMILY = "1,2";
				TEST_HOST = "$(BUILT_PRODUCTS_DIR)/JobReferralTracker.app/$(BUNDLE_EXECUTABLE_FOLDER_PATH)/JobReferralTracker";
			};
			name = Release;
		};
		4C551CC654C0F1FC23AD574E /* Debug */ = {
			isa = XCBuildConfiguration;
			buildSettings = {
				ASSETCATALOG_COMPILER_APPICON_NAME = AppIcon;
				ASSETCATALOG_COMPILER_GLOBAL_ACCENT_COLOR_NAME = AccentColor;
				CODE_SIGN_IDENTITY = "iPhone Developer";
				CODE_SIGN_STYLE = Automatic;
				DEVELOPMENT_ASSET_PATHS = "\"JobReferralTracker/Preview Content\"";
				ENABLE_PREVIEWS = YES;
				GENERATE_INFOPLIST_FILE = YES;
				INFOPLIST_KEY_CFBundleDisplayName = "Job Referral Tracker";
				INFOPLIST_KEY_UIApplicationSceneManifest_Generation = YES;
				INFOPLIST_KEY_UIApplicationSupportsIndirectInputEvents = YES;
				INFOPLIST_KEY_UILaunchScreen_Generation = YES;
				INFOPLIST_KEY_UISupportedInterfaceOrientations_iPad = "UIInterfaceOrientationPortrait UIInterfaceOrientationPortraitUpsideDown UIInterfaceOrientationLandscapeLeft UIInterfaceOrientationLandscapeRight";
				INFOPLIST_KEY_UISupportedInterfaceOrientations_iPhone = "UIInterfaceOrientationPortrait UIInterfaceOrientationLandscapeLeft UIInterfaceOrientationLandscapeRight";
				LD_RUNPATH_SEARCH_PATHS = (
					"$(inherited)",
					"@executable_path/Frameworks",
				);
				PRODUCT_BUNDLE_IDENTIFIER = com.binshaker.JobReferralTracker;
				PRODUCT_NAME = JobReferralTracker;
				SDKROOT = iphoneos;
				TARGETED_DEVICE_FAMILY = "1,2";
			};
			name = Debug;
		};
		7CB9BB036948534D88A7D9CD /* Release */ = {
			isa = XCBuildConfiguration;
			buildSettings = {
				ASSETCATALOG_COMPILER_APPICON_NAME = AppIcon;
				ASSETCATALOG_COMPILER_GLOBAL_ACCENT_COLOR_NAME = AccentColor;
				CODE_SIGN_IDENTITY = "iPhone Developer";
				CODE_SIGN_STYLE = Automatic;
				DEVELOPMENT_ASSET_PATHS = "\"JobReferralTracker/Preview Content\"";
				ENABLE_PREVIEWS = YES;
				GENERATE_INFOPLIST_FILE = YES;
				INFOPLIST_KEY_CFBundleDisplayName = "Job Referral Tracker";
				INFOPLIST_KEY_UIApplicationSceneManifest_Generation = YES;
				INFOPLIST_KEY_UIApplicationSupportsIndirectInputEvents = YES;
				INFOPLIST_KEY_UILaunchScreen_Generation = YES;
				INFOPLIST_KEY_UISupportedInterfaceOrientations_iPad = "UIInterfaceOrientationPortrait UIInterfaceOrientationPortraitUpsideDown UIInterfaceOrientationLandscapeLeft UIInterfaceOrientationLandscapeRight";
				INFOPLIST_KEY_UISupportedInterfaceOrientations_iPhone = "UIInterfaceOrientationPortrait UIInterfaceOrientationLandscapeLeft UIInterfaceOrientationLandscapeRight";
				LD_RUNPATH_SEARCH_PATHS = (
					"$(inherited)",
					"@executable_path/Frameworks",
				);
				PRODUCT_BUNDLE_IDENTIFIER = com.binshaker.JobReferralTracker;
				PRODUCT_NAME = JobReferralTracker;
				SDKROOT = iphoneos;
				TARGETED_DEVICE_FAMILY = "1,2";
			};
			name = Release;
		};
		A616E80DA4DEAD5E4485CDA5 /* Debug */ = {
			isa = XCBuildConfiguration;
			buildSettings = {
				ALWAYS_SEARCH_USER_PATHS = NO;
				CLANG_ANALYZER_NONNULL = YES;
				CLANG_ANALYZER_NUMBER_OBJECT_CONVERSION = YES_AGGRESSIVE;
				CLANG_CXX_LANGUAGE_STANDARD = "gnu++14";
				CLANG_CXX_LIBRARY = "libc++";
				CLANG_ENABLE_MODULES = YES;
				CLANG_ENABLE_OBJC_ARC = YES;
				CLANG_ENABLE_OBJC_WEAK = YES;
				CLANG_WARN_BLOCK_CAPTURE_AUTORELEASING = YES;
				CLANG_WARN_BOOL_CONVERSION = YES;
				CLANG_WARN_COMMA = YES;
				CLANG_WARN_CONSTANT_CONVERSION = YES;
				CLANG_WARN_DEPRECATED_OBJC_IMPLEMENTATIONS = YES;
				CLANG_WARN_DIRECT_OBJC_ISA_USAGE = YES_ERROR;
				CLANG_WARN_DOCUMENTATION_COMMENTS = YES;
				CLANG_WARN_EMPTY_BODY = YES;
				CLANG_WARN_ENUM_CONVERSION = YES;
				CLANG_WARN_INFINITE_RECURSION = YES;
				CLANG_WARN_INT_CONVERSION = YES;
				CLANG_WARN_NON_LITERAL_NULL_CONVERSION = YES;
				CLANG_WARN_OBJC_IMPLICIT_RETAIN_SELF = YES;
				CLANG_WARN_OBJC_LITERAL_CONVERSION = YES;
				CLANG_WARN_OBJC_ROOT_CLASS = YES_ERROR;
				CLANG_WARN_QUOTED_INCLUDE_IN_FRAMEWORK_HEADER = YES;
				CLANG_WARN_RANGE_LOOP_ANALYSIS = YES;
				CLANG_WARN_STRICT_PROTOTYPES = YES;
				CLANG_WARN_SUSPICIOUS_MOVE = YES;
				CLANG_WARN_UNGUARDED_AVAILABILITY = YES_AGGRESSIVE;
				CLANG_WARN_UNREACHABLE_CODE = YES;
				CLANG_WARN__DUPLICATE_METHOD_MATCH = YES;
				COPY_PHASE_STRIP = NO;
				CURRENT_PROJECT_VERSION = 1;
				DEBUG_INFORMATION_FORMAT = dwarf;
				ENABLE_STRICT_OBJC_MSGSEND = YES;
				ENABLE_TESTABILITY = YES;
				GCC_C_LANGUAGE_STANDARD = gnu11;
				GCC_DYNAMIC_NO_PIC = NO;
				GCC_NO_COMMON_BLOCKS = YES;
				GCC_OPTIMIZATION_LEVEL = 0;
				GCC_PREPROCESSOR_DEFINITIONS = (
					"$(inherited)",
					"DEBUG=1",
				);
				GCC_WARN_64_TO_32_BIT_CONVERSION = YES;
				GCC_WARN_ABOUT_RETURN_TYPE = YES_ERROR;
				GCC_WARN_UNDECLARED_SELECTOR = YES;
				GCC_WARN_UNINITIALIZED_AUTOS = YES_AGGRESSIVE;
				GCC_WARN_UNUSED_FUNCTION = YES;
				GCC_WARN_UNUSED_VARIABLE = YES;
				IPHONEOS_DEPLOYMENT_TARGET = 16.0;
				MARKETING_VERSION = 1.0;
				MTL_ENABLE_DEBUG_INFO = INCLUDE_SOURCE;
				MTL_FAST_MATH = YES;
				ONLY_ACTIVE_ARCH = YES;
				PRODUCT_NAME = "$(TARGET_NAME)";
				SDKROOT = iphoneos;
				SWIFT_ACTIVE_COMPILATION_CONDITIONS = DEBUG;
				SWIFT_OPTIMIZATION_LEVEL = "-Onone";
				SWIFT_STRICT_CONCURRENCY = targeted;
				SWIFT_VERSION = 5.0;
			};
			name = Debug;
		};
		DF62FB77AB52014E879CF920 /* Release */ = {
			isa = XCBuildConfiguration;
			buildSettings = {
				ALWAYS_SEARCH_USER_PATHS = NO;
				CLANG_ANALYZER_NONNULL = YES;
				CLANG_ANALYZER_NUMBER_OBJECT_CONVERSION = YES_AGGRESSIVE;
				CLANG_CXX_LANGUAGE_STANDARD = "gnu++14";
				CLANG_CXX_LIBRARY = "libc++";
				CLANG_ENABLE_MODULES = YES;
				CLANG_ENABLE_OBJC_ARC = YES;
				CLANG_ENABLE_OBJC_WEAK = YES;
				CLANG_WARN_BLOCK_CAPTURE_AUTORELEASING = YES;
				CLANG_WARN_BOOL_CONVERSION = YES;
				CLANG_WARN_COMMA = YES;
				CLANG_WARN_CONSTANT_CONVERSION = YES;
				CLANG_WARN_DEPRECATED_OBJC_IMPLEMENTATIONS = YES;
				CLANG_WARN_DIRECT_OBJC_ISA_USAGE = YES_ERROR;
				CLANG_WARN_DOCUMENTATION_COMMENTS = YES;
				CLANG_WARN_EMPTY_BODY = YES;
				CLANG_WARN_ENUM_CONVERSION = YES;
				CLANG_WARN_INFINITE_RECURSION = YES;
				CLANG_WARN_INT_CONVERSION = YES;
				CLANG_WARN_NON_LITERAL_NULL_CONVERSION = YES;
				CLANG_WARN_OBJC_IMPLICIT_RETAIN_SELF = YES;
				CLANG_WARN_OBJC_LITERAL_CONVERSION = YES;
				CLANG_WARN_OBJC_ROOT_CLASS = YES_ERROR;
				CLANG_WARN_QUOTED_INCLUDE_IN_FRAMEWORK_HEADER = YES;
				CLANG_WARN_RANGE_LOOP_ANALYSIS = YES;
				CLANG_WARN_STRICT_PROTOTYPES = YES;
				CLANG_WARN_SUSPICIOUS_MOVE = YES;
				CLANG_WARN_UNGUARDED_AVAILABILITY = YES_AGGRESSIVE;
				CLANG_WARN_UNREACHABLE_CODE = YES;
				CLANG_WARN__DUPLICATE_METHOD_MATCH = YES;
				COPY_PHASE_STRIP = NO;
				CURRENT_PROJECT_VERSION = 1;
				DEBUG_INFORMATION_FORMAT = "dwarf-with-dsym";
				ENABLE_NS_ASSERTIONS = NO;
				ENABLE_STRICT_OBJC_MSGSEND = YES;
				GCC_C_LANGUAGE_STANDARD = gnu11;
				GCC_NO_COMMON_BLOCKS = YES;
				GCC_WARN_64_TO_32_BIT_CONVERSION = YES;
				GCC_WARN_ABOUT_RETURN_TYPE = YES_ERROR;
				GCC_WARN_UNDECLARED_SELECTOR = YES;
				GCC_WARN_UNINITIALIZED_AUTOS = YES_AGGRESSIVE;
				GCC_WARN_UNUSED_FUNCTION = YES;
				GCC_WARN_UNUSED_VARIABLE = YES;
				IPHONEOS_DEPLOYMENT_TARGET = 16.0;
				MARKETING_VERSION = 1.0;
				MTL_ENABLE_DEBUG_INFO = NO;
				MTL_FAST_MATH = YES;
				PRODUCT_NAME = "$(TARGET_NAME)";
				SDKROOT = iphoneos;
				SWIFT_COMPILATION_MODE = wholemodule;
				SWIFT_OPTIMIZATION_LEVEL = "-O";
				SWIFT_STRICT_CONCURRENCY = targeted;
				SWIFT_VERSION = 5.0;
			};
			name = Release;
		};
/* End XCBuildConfiguration section */

/* Begin XCConfigurationList section */
		1B73B909E3EE872250279B26 /* Build configuration list for PBXProject "JobReferralTracker" */ = {
			isa = XCConfigurationList;
			buildConfigurations = (
				A616E80DA4DEAD5E4485CDA5 /* Debug */,
				DF62FB77AB52014E879CF920 /* Release */,
			);
			defaultConfigurationIsVisible = 0;
			defaultConfigurationName = Debug;
		};
		9F21489359DC26675085A404 /* Build configuration list for PBXNativeTarget "JobReferralTracker" */ = {
			isa = XCConfigurationList;
			buildConfigurations = (
				4C551CC654C0F1FC23AD574E /* Debug */,
				7CB9BB036948534D88A7D9CD /* Release */,
			);
			defaultConfigurationIsVisible = 0;
			defaultConfigurationName = Debug;
		};
		EC90B5ED378D67673949515A /* Build configuration list for PBXNativeTarget "JobReferralTrackerTests" */ = {
			isa = XCConfigurationList;
			buildConfigurations = (
				12DC55B63C680AFA50723C5F /* Debug */,
				24C3E412C2E0C560BD04DEE1 /* Release */,
			);
			defaultConfigurationIsVisible = 0;
			defaultConfigurationName = Debug;
		};
/* End XCConfigurationList section */

/* Begin XCVersionGroup section */
		A45206EC872CF37622A0194C /* JobReferralTracker.xcdatamodeld */ = {
			isa = XCVersionGroup;
			children = (
				268E897CFBC809E2BE28324C /* JobReferralTracker.xcdatamodel */,
			);
			currentVersion = 268E897CFBC809E2BE28324C /* JobReferralTracker.xcdatamodel */;
			path = JobReferralTracker.xcdatamodeld;
			sourceTree = "<group>";
			versionGroupType = wrapper.xcdatamodel;
		};
/* End XCVersionGroup section */
	};
	rootObject = 4ACC6C56EB981C3F73B1414D /* Project object */;
}
